{
  "nodes": {
    "alacritty-theme": {
      "flake": false,
      "locked": {
        "lastModified": 1777677514,
        "narHash": "sha256-F8ye16jhfldsyxcOqxVS0PNecVcQcAPnEahDKS4PGwE=",
        "owner": "alacritty",
        "repo": "alacritty-theme",
        "rev": "2749b407b597790e6f08b218c2bc2acdf66210a0",
        "type": "github"
      },
      "original": {
        "owner": "alacritty",
        "repo": "alacritty-theme",
        "type": "github"
      }
    },
    "claude-desktop": {
      "inputs": {
        "flake-utils": [
          "flake-utils"
        ],
        "nixpkgs": [
          "nixpkgs"
        ]
      },
      "locked": {
        "lastModified": 1764098187,
        "narHash": "sha256-H6JjWXhKqxZ8QLMoqndZx9e5x0Sv5AiipSmqvIxIbgo=",
        "owner": "k3d3",
        "repo": "claude-desktop-linux-flake",
        "rev": "b2b040cb68231d2118906507d9cc8fd181ca6308",
        "type": "github"
      },
      "original": {
        "owner": "k3d3",
        "repo": "claude-desktop-linux-flake",
        "type": "github"
      }
    },
    "disko": {
      "inputs": {
        "nixpkgs": [
          "nixpkgs"
        ]
      },
      "locked": {
        "lastModified": 1777713215,
        "narHash": "sha256-8GzXDOXckDWwST8TY5DbwYFjdvQLlP7K9CLSVx6iTTo=",
        "owner": "nix-community",
        "repo": "disko",
        "rev": "63b4e7e6cf75307c1d26ac3762b886b5b0247267",
        "type": "github"
      },
      "original": {
        "owner": "nix-community",
        "repo": "disko",
        "type": "github"
      }
    },
    "dot-emacs": {
      "inputs": {
        "emacs-overlay": "emacs-overlay",
        "flake-parts": [
          "flake-parts"
        ],
        "nixpkgs": [
          "nixpkgs"
        ],
        "treefmt-nix": [
          "treefmt-nix"
        ]
      },
      "locked": {
        "lastModified": 1778907046,
        "narHash": "sha256-vZ7/0VrPYfgiWt50qXj7+tgNf/quC79jtNeI9TvR0P4=",
        "owner": "ncaq",
        "repo": ".emacs.d",
        "rev": "63cb7e0fea4e9d0dd014b31d83238eec654d2cf3",
        "type": "github"
      },
      "original": {
        "owner": "ncaq",
        "repo": ".emacs.d",
        "type": "github"
      }
    },
    "dot-xmonad": {
      "inputs": {
        "flake-parts": [
          "flake-parts"
        ],
        "gtk2hs": "gtk2hs",
        "nixpkgs": [
          "nixpkgs"
        ],
        "treefmt-nix": [
          "treefmt-nix"
        ]
      },
      "locked": {
        "lastModified": 1778896923,
        "narHash": "sha256-B4QF4n9FjUTDdBJoKBoE0sb1aUrL39BSZjkHxHOf6/A=",
        "owner": "ncaq",
        "repo": ".xmonad",
        "rev": "8477e030ce2ac55c6781f5c87fb4870617fd4062",
        "type": "github"
      },
      "original": {
        "owner": "ncaq",
        "repo": ".xmonad",
        "type": "github"
      }
    },
    "emacs-overlay": {
      "inputs": {
        "nixpkgs": [
          "dot-emacs",
          "nixpkgs"
        ],
        "nixpkgs-stable": [
          "dot-emacs",
          "nixpkgs"
        ]
      },
      "locked": {
        "lastModified": 1778405448,
        "narHash": "sha256-1bWLbk/ZqU8lFLqvQapmbjS4oJ+YrOPcnlB9irwle5c=",
        "owner": "nix-community",
        "repo": "emacs-overlay",
        "rev": "279af1bb71762f74f6b210dc48fa0dde10f59710",
        "type": "github"
      },
      "original": {
        "owner": "nix-community",
        "repo": "emacs-overlay",
        "type": "github"
      }
    },
    "firge-nix": {
      "inputs": {
        "nixpkgs": [
          "nixpkgs"
        ]
      },
      "locked": {
        "lastModified": 1765876310,
        "narHash": "sha256-1ID2zFp0LnP4T2RFZ1dB2fYYOzIH1keVet5jP/aUmNc=",
        "owner": "ncaq",
        "repo": "firge-nix",
        "rev": "f9294236ec07c68192bac1b893c5e9f82d77a14a",
        "type": "github"
      },
      "original": {
        "owner": "ncaq",
        "repo": "firge-nix",
        "type": "github"
      }
    },
    "flake-compat": {
      "flake": false,
      "locked": {
        "lastModified": 1767039857,
        "narHash": "sha256-vNpUSpF5Nuw8xvDLj2KCwwksIbjua2LZCqhV1LNRDns=",
        "owner": "edolstra",
        "repo": "flake-compat",
        "rev": "5edf11c44bc78a0d334f6334cdaf7d60d732daab",
        "type": "github"
      },
      "original": {
        "owner": "edolstra",
        "repo": "flake-compat",
        "type": "github"
      }
    },
    "flake-parts": {
      "inputs": {
        "nixpkgs-lib": "nixpkgs-lib"
      },
      "locked": {
        "lastModified": 1778716662,
        "narHash": "sha256-m1Yf0wZ8j1OHjTc2UwHwyQRSnNeSgLJOd7q5Y45hzi4=",
        "owner": "hercules-ci",
        "repo": "flake-parts",
        "rev": "f7c1a2d347e4c52d5fb8d10cb4d94b5884e546fb",
        "type": "github"
      },
      "original": {
        "owner": "hercules-ci",
        "repo": "flake-parts",
        "type": "github"
      }
    },
    "flake-utils": {
      "inputs": {
        "systems": "systems"
      },
      "locked": {
        "lastModified": 1731533236,
        "narHash": "sha256-l0KFg5HjrsfsO/JpG+r7fRrqm12kzFHyUHqHCVpMMbI=",
        "owner": "numtide",
        "repo": "flake-utils",
        "rev": "11707dc2f618dd54ca8739b309ec4fc024de578b",
        "type": "github"
      },
      "original": {
        "owner": "numtide",
        "repo": "flake-utils",
        "type": "github"
      }
    },
    "git-hooks": {
      "inputs": {
        "flake-parts": [
          "flake-parts"
        ],
        "nixpkgs": [
          "nixpkgs"
        ],
        "treefmt-nix": [
          "treefmt-nix"
        ]
      },
      "locked": {
        "lastModified": 1778822052,
        "narHash": "sha256-P778CS8uhFmhsnvigDhIiWczY+M64uXBuHV1O1W/yBU=",
        "owner": "ncaq",
        "repo": "git-hooks",
        "rev": "6cc28161faff94ba58775a19dbd939bffab4312e",
        "type": "github"
      },
      "original": {
        "owner": "ncaq",
        "repo": "git-hooks",
        "type": "github"
      }
    },
    "gtk2hs": {
      "flake": false,
      "locked": {
        "lastModified": 1747484193,
        "narHash": "sha256-1rionULNPK/tE3LjDo9xHuhkFCeZ7xmYrvd1Mwd8FbQ=",
        "owner": "ncaq",
        "repo": "gtk2hs",
        "rev": "260805611e54e60383c1d98c5c0a29ad9c2efe7f",
        "type": "github"
      },
      "original": {
        "owner": "ncaq",
        "repo": "gtk2hs",
        "rev": "260805611e54e60383c1d98c5c0a29ad9c2efe7f",
        "type": "github"
      }
    },
    "home-manager": {
      "inputs": {
        "nixpkgs": [
          "nixpkgs"
        ]
      },
      "locked": {
        "lastModified": 1778905220,
        "narHash": "sha256-ox/5IHc8uwy6UTw6N7Shp6uCHIgu/S2PsWeuXsOHSo8=",
        "owner": "nix-community",
        "repo": "home-manager",
        "rev": "d1686dc7d36cbd1234cb226ad6ef97e882716acb",
        "type": "github"
      },
      "original": {
        "owner": "nix-community",
        "ref": "release-25.11",
        "repo": "home-manager",
        "type": "github"
      }
    },
    "microvm": {
      "inputs": {
        "nixpkgs": [
          "nixpkgs"
        ],
        "spectrum": "spectrum"
      },
      "locked": {
        "lastModified": 1778669912,
        "narHash": "sha256-WT2iimtOBZM/6AcZeBoJU2EgUSaywtlItsEgNkZBda0=",
        "owner": "microvm-nix",
        "repo": "microvm.nix",
        "rev": "a7a7009064cec75d9da652c6723412ce27b9bc44",
        "type": "github"
      },
      "original": {
        "owner": "microvm-nix",
        "repo": "microvm.nix",
        "type": "github"
      }
    },
    "niks3": {
      "inputs": {
        "nixpkgs": [
          "nixpkgs"
        ],
        "treefmt-nix": [
          "treefmt-nix"
        ]
      },
      "locked": {
        "lastModified": 1778839878,
        "narHash": "sha256-S2nSP6YWUz8I2uRZuAY93FoAAUa9TiZetLzjBv1n5vk=",
        "owner": "Mic92",
        "repo": "niks3",
        "rev": "c29f3641de064545d75f00318cd45bea2b4ea1d0",
        "type": "github"
      },
      "original": {
        "owner": "Mic92",
        "repo": "niks3",
        "type": "github"
      }
    },
    "nix-formatter-pack": {
      "inputs": {
        "nixpkgs": [
          "nix-on-droid",
          "nixpkgs"
        ],
        "nmd": "nmd",
        "nmt": "nmt"
      },
      "locked": {
        "lastModified": 1705252799,
        "narHash": "sha256-HgSTREh7VoXjGgNDwKQUYcYo13rPkltW7IitHrTPA5c=",
        "owner": "Gerschtli",
        "repo": "nix-formatter-pack",
        "rev": "2de39dedd79aab14c01b9e2934842051a160ffa5",
        "type": "github"
      },
      "original": {
        "owner": "Gerschtli",
        "repo": "nix-formatter-pack",
        "type": "github"
      }
    },
    "nix-on-droid": {
      "inputs": {
        "home-manager": [
          "home-manager"
        ],
        "nix-formatter-pack": "nix-formatter-pack",
        "nixpkgs": [
          "nixpkgs"
        ],
        "nixpkgs-docs": "nixpkgs-docs",
        "nixpkgs-for-bootstrap": "nixpkgs-for-bootstrap",
        "nmd": "nmd_2"
      },
      "locked": {
        "lastModified": 1720396533,
        "narHash": "sha256-UFzk/hZWO1VkciIO5UPaSpJN8s765wsngUSvtJM6d5Q=",
        "owner": "nix-community",
        "repo": "nix-on-droid",
        "rev": "f3d3b8294039f2f9a8fb7ea82c320f29c6b0fe25",
        "type": "github"
      },
      "original": {
        "owner": "nix-community",
        "ref": "release-24.05",
        "repo": "nix-on-droid",
        "type": "github"
      }
    },
    "nixos-hardware": {
      "locked": {
        "lastModified": 1778593042,
        "narHash": "sha256-xYGrSg6354UK2K4WSQd4+TfyvfqmvFbSY+ZtGQUXK0c=",
        "owner": "NixOS",
        "repo": "nixos-hardware",
        "rev": "9bd7c80d43e258aaa607d83b43661df11444d808",
        "type": "github"
      },
      "original": {
        "owner": "NixOS",
        "repo": "nixos-hardware",
        "type": "github"
      }
    },
    "nixos-wsl": {
      "inputs": {
        "flake-compat": "flake-compat",
        "nixpkgs": [
          "nixpkgs"
        ]
      },
      "locked": {
        "lastModified": 1777732699,
        "narHash": "sha256-2uX/XtOWZ/oy2rerRynVhqVA//ZXZ3Fo60PikLHEPQc=",
        "owner": "nix-community",
        "repo": "NixOS-WSL",
        "rev": "5482f113fd31ebac131d1ebeb2ae90bf0d5e41f5",
        "type": "github"
      },
      "original": {
        "owner": "nix-community",
        "ref": "main",
        "repo": "NixOS-WSL",
        "type": "github"
      }
    },
    "nixpkgs": {
      "locked": {
        "lastModified": 1778737229,
        "narHash": "sha256-6xWoytx8jFW4PF1GjRm/i/53trbpKGfz6zjzQGBr4cI=",
        "owner": "NixOS",
        "repo": "nixpkgs",
        "rev": "d7a713c0b7e47c908258e71cba7a2d77cc8d71d5",
        "type": "github"
      },
      "original": {
        "owner": "NixOS",
        "ref": "nixos-25.11",
        "repo": "nixpkgs",
        "type": "github"
      }
    },
    "nixpkgs-docs": {
      "locked": {
        "lastModified": 1705957679,
        "narHash": "sha256-Q8LJaVZGJ9wo33wBafvZSzapYsjOaNjP/pOnSiKVGHY=",
        "owner": "NixOS",
        "repo": "nixpkgs",
        "rev": "9a333eaa80901efe01df07eade2c16d183761fa3",
        "type": "github"
      },
      "original": {
        "owner": "NixOS",
        "ref": "release-23.05",
        "repo": "nixpkgs",
        "type": "github"
      }
    },
    "nixpkgs-for-bootstrap": {
      "locked": {
        "lastModified": 1720244366,
        "narHash": "sha256-WrDV0FPMVd2Sq9hkR5LNHudS3OSMmUrs90JUTN+MXpA=",
        "owner": "NixOS",
        "repo": "nixpkgs",
        "rev": "49ee0e94463abada1de470c9c07bfc12b36dcf40",
        "type": "github"
      },
      "original": {
        "owner": "NixOS",
        "repo": "nixpkgs",
        "rev": "49ee0e94463abada1de470c9c07bfc12b36dcf40",
        "type": "github"
      }
    },
    "nixpkgs-lib": {
      "locked": {
        "lastModified": 1777168982,
        "narHash": "sha256-GOkGPcboWE9BmGCRMLX3worL4EMnsnG8MyKmXNeYuhQ=",
        "owner": "nix-community",
        "repo": "nixpkgs.lib",
        "rev": "f5901329dade4a6ea039af1433fb087bd9c1fe14",
        "type": "github"
      },
      "original": {
        "owner": "nix-community",
        "repo": "nixpkgs.lib",
        "type": "github"
      }
    },
    "nixpkgs-unstable": {
      "locked": {
        "lastModified": 1778443072,
        "narHash": "sha256-zi7/fsqM/kFdNuED//4WOCUtezGtKKqRNORjMvfwjnA=",
        "owner": "NixOS",
        "repo": "nixpkgs",
        "rev": "da5ad661ba4e5ef59ba743f0d112cbc30e474f32",
        "type": "github"
      },
      "original": {
        "owner": "NixOS",
        "ref": "nixos-unstable",
        "repo": "nixpkgs",
        "type": "github"
      }
    },
    "nmd": {
      "flake": false,
      "locked": {
        "lastModified": 1666190571,
        "narHash": "sha256-Z1hc7M9X6L+H83o9vOprijpzhTfOBjd0KmUTnpHAVjA=",
        "owner": "rycee",
        "repo": "nmd",
        "rev": "b75d312b4f33bd3294cd8ae5c2ca8c6da2afc169",
        "type": "gitlab"
      },
      "original": {
        "owner": "rycee",
        "repo": "nmd",
        "type": "gitlab"
      }
    },
    "nmd_2": {
      "inputs": {
        "nixpkgs": [
          "nix-on-droid",
          "nixpkgs-docs"
        ],
        "scss-reset": "scss-reset"
      },
      "locked": {
        "lastModified": 1705050560,
        "narHash": "sha256-x3zzcdvhJpodsmdjqB4t5mkVW22V3wqHLOun0KRBzUI=",
        "owner": "~rycee",
        "repo": "nmd",
        "rev": "66d9334933119c36f91a78d565c152a4fdc8d3d3",
        "type": "sourcehut"
      },
      "original": {
        "owner": "~rycee",
        "repo": "nmd",
        "type": "sourcehut"
      }
    },
    "nmt": {
      "flake": false,
      "locked": {
        "lastModified": 1648075362,
        "narHash": "sha256-u36WgzoA84dMVsGXzml4wZ5ckGgfnvS0ryzo/3zn/Pc=",
        "owner": "rycee",
        "repo": "nmt",
        "rev": "d83601002c99b78c89ea80e5e6ba21addcfe12ae",
        "type": "gitlab"
      },
      "original": {
        "owner": "rycee",
        "repo": "nmt",
        "type": "gitlab"
      }
    },
    "root": {
      "inputs": {
        "alacritty-theme": "alacritty-theme",
        "claude-desktop": "claude-desktop",
        "disko": "disko",
        "dot-emacs": "dot-emacs",
        "dot-xmonad": "dot-xmonad",
        "firge-nix": "firge-nix",
        "flake-parts": "flake-parts",
        "flake-utils": "flake-utils",
        "git-hooks": "git-hooks",
        "home-manager": "home-manager",
        "microvm": "microvm",
        "niks3": "niks3",
        "nix-on-droid": "nix-on-droid",
        "nixos-hardware": "nixos-hardware",
        "nixos-wsl": "nixos-wsl",
        "nixpkgs": "nixpkgs",
        "nixpkgs-unstable": "nixpkgs-unstable",
        "sops-nix": "sops-nix",
        "treefmt-nix": "treefmt-nix",
        "www-ncaq-net": "www-ncaq-net"
      }
    },
    "scss-reset": {
      "flake": false,
      "locked": {
        "lastModified": 1631450058,
        "narHash": "sha256-muDlZJPtXDIGevSEWkicPP0HQ6VtucbkMNygpGlBEUM=",
        "owner": "andreymatin",
        "repo": "scss-reset",
        "rev": "0cf50e27a4e95e9bb5b1715eedf9c54dee1a5a91",
        "type": "github"
      },
      "original": {
        "owner": "andreymatin",
        "repo": "scss-reset",
        "type": "github"
      }
    },
    "sops-nix": {
      "inputs": {
        "nixpkgs": [
          "nixpkgs"
        ]
      },
      "locked": {
        "lastModified": 1777944972,
        "narHash": "sha256-VfGRo1qTBKOe3s2gOv8LSoA6Fk19PvBlwQ1ECN0Evn8=",
        "owner": "Mic92",
        "repo": "sops-nix",
        "rev": "c591bf665727040c6cc5cb409079acb22dcce33c",
        "type": "github"
      },
      "original": {
        "owner": "Mic92",
        "repo": "sops-nix",
        "type": "github"
      }
    },
    "spectrum": {
      "flake": false,
      "locked": {
        "lastModified": 1772189877,
        "narHash": "sha256-i1p90Rgssb//aNiTDFq46ZG/fk3LmyRLChtp/9lddyA=",
        "ref": "refs/heads/main",
        "rev": "fe39e122d898f66e89ffa17d4f4209989ccb5358",
        "revCount": 1255,
        "type": "git",
        "url": "https://spectrum-os.org/git/spectrum"
      },
      "original": {
        "type": "git",
        "url": "https://spectrum-os.org/git/spectrum"
      }
    },
    "systems": {
      "locked": {
        "lastModified": 1681028828,
        "narHash": "sha256-Vy1rq5AaRuLzOxct8nz4T6wlgyUR7zLU309k9mBC768=",
        "owner": "nix-systems",
        "repo": "default",
        "rev": "da67096a3b9bf56a91d16901293e51ba5b49a27e",
        "type": "github"
      },
      "original": {
        "owner": "nix-systems",
        "repo": "default",
        "type": "github"
      }
    },
    "treefmt-nix": {
      "inputs": {
        "nixpkgs": [
          "nixpkgs"
        ]
      },
      "locked": {
        "lastModified": 1775636079,
        "narHash": "sha256-pc20NRoMdiar8oPQceQT47UUZMBTiMdUuWrYu2obUP0=",
        "owner": "numtide",
        "repo": "treefmt-nix",
        "rev": "790751ff7fd3801feeaf96d7dc416a8d581265ba",
        "type": "github"
      },
      "original": {
        "owner": "numtide",
        "repo": "treefmt-nix",
        "type": "github"
      }
    },
    "www-ncaq-net": {
      "flake": false,
      "locked": {
        "lastModified": 1778821766,
        "narHash": "sha256-7BiWhpOq6k956WxPwMZsNIvLLhZqYMTDl5i7EkDUc9s=",
        "owner": "ncaq",
        "repo": "www.ncaq.net",
        "rev": "0d607021ae8ccce08c2369834d33f3b99a81b9eb",
        "type": "github"
      },
      "original": {
        "owner": "ncaq",
        "repo": "www.ncaq.net",
        "type": "github"
      }
    }
  },
  "root": "root",
  "version": 7
}
